
Microsoft Visual Studio Solution File, Format Version 12.00
# Visual Studio 15
VisualStudioVersion = 15.0.27703.2042
MinimumVisualStudioVersion = 10.0.40219.1
Project("{FAE04EC0-301F-11D3-BF4B-00C04F79EFBC}") = "KShootMania Skin Manager", "KShootMania Skin Manager\KShootMania Skin Manager.csproj", "{C7B10D1C-DBB1-4688-8962-7CEED65A8A21}"
EndProject
Project("{FAE04EC0-301F-11D3-BF4B-00C04F79EFBC}") = "KSM Skin Manager Help", "KSM Skin Manager Help\KSM Skin Manager Help.csproj", "{C22DC76C-5F70-4928-BD66-385A7499F886}"
	ProjectSection(ProjectDependencies) = postProject
		{C7B10D1C-DBB1-4688-8962-7CEED65A8A21} = {C7B10D1C-DBB1-4688-8962-7CEED65A8A21}
	EndProjectSection
EndProject
Global
	GlobalSection(SolutionConfigurationPlatforms) = preSolution
		Debug|Any CPU = Debug|Any CPU
		Release|Any CPU = Release|Any CPU
	EndGlobalSection
	GlobalSection(ProjectConfigurationPlatforms) = postSolution
		{C7B10D1C-DBB1-4688-8962-7CEED65A8A21}.Debug|Any CPU.ActiveCfg = Debug|Any CPU
		{C7B10D1C-DBB1-4688-8962-7CEED65A8A21}.Debug|Any CPU.Build.0 = Debug|Any CPU
		{C7B10D1C-DBB1-4688-8962-7CEED65A8A21}.Release|Any CPU.ActiveCfg = Release|Any CPU
		{C7B10D1C-DBB1-4688-8962-7CEED65A8A21}.Release|Any CPU.Build.0 = Release|Any CPU
		{C22DC76C-5F70-4928-BD66-385A7499F886}.Debug|Any CPU.ActiveCfg = Debug|Any CPU
		{C22DC76C-5F70-4928-BD66-385A7499F886}.Debug|Any CPU.Build.0 = Debug|Any CPU
		{C22DC76C-5F70-4928-BD66-385A7499F886}.Release|Any CPU.ActiveCfg = Release|Any CPU
		{C22DC76C-5F70-4928-BD66-385A7499F886}.Release|Any CPU.Build.0 = Release|Any CPU
	EndGlobalSection
	GlobalSection(SolutionProperties) = preSolution
		HideSolutionNode = FALSE
	EndGlobalSection
	GlobalSection(ExtensibilityGlobals) = postSolution
		SolutionGuid = {1CF78460-FF16-4206-B0EB-5BF12FEDDA2D}
	EndGlobalSection
EndGlobal
